
Microsoft Visual Studio Solution File, Format Version 12.00
# Visual Studio 15
VisualStudioVersion = 15.0.28307.1525
MinimumVisualStudioVersion = 10.0.40219.1
Project("{FAE04EC0-301F-11D3-BF4B-00C04F79EFBC}") = "OopAssesment1HasanFidan", "OopAssesment1HasanFidan\OopAssesment1HasanFidan.csproj", "{3042D392-8281-442C-9EFE-4D8F214F75D7}"
EndProject
Global
	GlobalSection(SolutionConfigurationPlatforms) = preSolution
		Debug|Any CPU = Debug|Any CPU
		Release|Any CPU = Release|Any CPU
	EndGlobalSection
	GlobalSection(ProjectConfigurationPlatforms) = postSolution
		{3042D392-8281-442C-9EFE-4D8F214F75D7}.Debug|Any CPU.ActiveCfg = Debug|Any CPU
		{3042D392-8281-442C-9EFE-4D8F214F75D7}.Debug|Any CPU.Build.0 = Debug|Any CPU
		{3042D392-8281-442C-9EFE-4D8F214F75D7}.Release|Any CPU.ActiveCfg = Release|Any CPU
		{3042D392-8281-442C-9EFE-4D8F214F75D7}.Release|Any CPU.Build.0 = Release|Any CPU
	EndGlobalSection
	GlobalSection(SolutionProperties) = preSolution
		HideSolutionNode = FALSE
	EndGlobalSection
	GlobalSection(ExtensibilityGlobals) = postSolution
		SolutionGuid = {08816A9E-D9AD-44A0-9986-D27B9513CF73}
	EndGlobalSection
EndGlobal
